
Microsoft Visual Studio Solution File, Format Version 12.00
# Visual Studio Version 17
VisualStudioVersion = 17.6.33829.357
MinimumVisualStudioVersion = 10.0.40219.1
Project("{FAE04EC0-301F-11D3-BF4B-00C04F79EFBC}") = "FIT5032_Assignment", "FIT5032_Assignment\FIT5032_Assignment.csproj", "{6D00D389-FB69-48BB-ABFC-7079F05C0987}"
EndProject
Global
	GlobalSection(SolutionConfigurationPlatforms) = preSolution
		Debug|Any CPU = Debug|Any CPU
		Release|Any CPU = Release|Any CPU
	EndGlobalSection
	GlobalSection(ProjectConfigurationPlatforms) = postSolution
		{6D00D389-FB69-48BB-ABFC-7079F05C0987}.Debug|Any CPU.ActiveCfg = Debug|Any CPU
		{6D00D389-FB69-48BB-ABFC-7079F05C0987}.Debug|Any CPU.Build.0 = Debug|Any CPU
		{6D00D389-FB69-48BB-ABFC-7079F05C0987}.Release|Any CPU.ActiveCfg = Release|Any CPU
		{6D00D389-FB69-48BB-ABFC-7079F05C0987}.Release|Any CPU.Build.0 = Release|Any CPU
	EndGlobalSection
	GlobalSection(SolutionProperties) = preSolution
		HideSolutionNode = FALSE
	EndGlobalSection
	GlobalSection(ExtensibilityGlobals) = postSolution
		SolutionGuid = {9F9968DC-3CA4-4754-931F-6128AD099C31}
	EndGlobalSection
EndGlobal
